# THIS IS AN AUTOGENERATED FILE. DO NOT EDIT THIS FILE DIRECTLY.
# yarn lockfile v1


fullpage.js@^3.0.8:
  version "3.0.8"
  resolved "https://registry.yarnpkg.com/fullpage.js/-/fullpage.js-3.0.8.tgz#4d89a87d36c30c0866c3dfec5e6cb363902f97b2"
  integrity sha512-r4B/MNuxylgzSlY+w4klD0lYYlmzEy7doDvurupAuO1ObKBgu9EB5GPuoeJTP7t/njFlzAM/Wu/I+FL3WvudCw==
